// !$*UTF8*$!
{
	archiveVersion = 1;
	classes = {
	};
	objectVersion = 77;
	objects = {

/* Begin PBXBuildFile section */
		9059229D2F5D2C49003ACDA5 /* KeychainAccess in Frameworks */ = {isa = PBXBuildFile; productRef = 9059229C2F5D2C49003ACDA5 /* KeychainAccess */; };
		90A5CA760000000000000001 /* Assets.xcassets in Resources */ = {isa = PBXBuildFile; fileRef = 90A5CA750000000000000001 /* Assets.xcassets */; };
		90AA00222F60000200BBB001 /* generated/spectra_core.swift in Sources */ = {isa = PBXBuildFile; fileRef = 90AA00212F60000200BBB001 /* generated/spectra_core.swift */; };
		90F002000000000000000002 /* AppState+BalanceRefresh.swift in Sources */ = {isa = PBXBuildFile; fileRef = 90F001000000000000000002 /* AppState+BalanceRefresh.swift */; };
		90F002000000000000000003 /* AppState+CoreStateStore.swift in Sources */ = {isa = PBXBuildFile; fileRef = 90F001000000000000000003 /* AppState+CoreStateStore.swift */; };
		90F002000000000000000004 /* AppState+ChainDiagnostics.swift in Sources */ = {isa = PBXBuildFile; fileRef = 90F001000000000000000004 /* AppState+ChainDiagnostics.swift */; };
		90F002000000000000000005 /* AppState+ImportLifecycle.swift in Sources */ = {isa = PBXBuildFile; fileRef = 90F001000000000000000005 /* AppState+ImportLifecycle.swift */; };
		90F002000000000000000006 /* AppState+OperationalTelemetry.swift in Sources */ = {isa = PBXBuildFile; fileRef = 90F001000000000000000006 /* AppState+OperationalTelemetry.swift */; };
		90F002000000000000000007 /* AppState+PricingFiat.swift in Sources */ = {isa = PBXBuildFile; fileRef = 90F001000000000000000007 /* AppState+PricingFiat.swift */; };
		90F002000000000000000008 /* AppState+ReceiveFlow.swift in Sources */ = {isa = PBXBuildFile; fileRef = 90F001000000000000000008 /* AppState+ReceiveFlow.swift */; };
		90F00200000000000000000A /* SendFlowState+Execution.swift in Sources */ = {isa = PBXBuildFile; fileRef = 90F00100000000000000000A /* SendFlowState+Execution.swift */; };
		90F00200000000000000000B /* AppState+SendFlow.swift in Sources */ = {isa = PBXBuildFile; fileRef = 90F00100000000000000000B /* AppState+SendFlow.swift */; };
		90F00200000000000000000C /* SendFlowState+Preview.swift in Sources */ = {isa = PBXBuildFile; fileRef = 90F00100000000000000000C /* SendFlowState+Preview.swift */; };
		90F00200000000000000000E /* AppState.swift in Sources */ = {isa = PBXBuildFile; fileRef = 90F00100000000000000000E /* AppState.swift */; };
		90F00200000000000000000F /* AppStateTypes.swift in Sources */ = {isa = PBXBuildFile; fileRef = 90F00100000000000000000F /* AppStateTypes.swift */; };
		90F002000000000000000010 /* AppUserPreferences.swift in Sources */ = {isa = PBXBuildFile; fileRef = 90F001000000000000000010 /* AppUserPreferences.swift */; };
		90F002000000000000000012 /* CoreReferenceTables.swift in Sources */ = {isa = PBXBuildFile; fileRef = 90F001000000000000000012 /* CoreReferenceTables.swift */; };
		90F002000000000000000016 /* ChainTypes.swift in Sources */ = {isa = PBXBuildFile; fileRef = 90F001000000000000000016 /* ChainTypes.swift */; };
		90F002000000000000000017 /* CoreModels.swift in Sources */ = {isa = PBXBuildFile; fileRef = 90F001000000000000000017 /* CoreModels.swift */; };
		90F002000000000000000018 /* AppState+Dashboard.swift in Sources */ = {isa = PBXBuildFile; fileRef = 90F001000000000000000018 /* AppState+Dashboard.swift */; };
		90F00200000000000000001A /* DiagnosticsState.swift in Sources */ = {isa = PBXBuildFile; fileRef = 90F00100000000000000001A /* DiagnosticsState.swift */; };
		90F00200000000000000001B /* HistoryPagingState.swift in Sources */ = {isa = PBXBuildFile; fileRef = 90F00100000000000000001B /* HistoryPagingState.swift */; };
		90F00200000000000000001F /* AppState+Maintenance.swift in Sources */ = {isa = PBXBuildFile; fileRef = 90F00100000000000000001F /* AppState+Maintenance.swift */; };
		90F002000000000000000022 /* StateCommandQueue.swift in Sources */ = {isa = PBXBuildFile; fileRef = 90F001000000000000000022 /* StateCommandQueue.swift */; };
		90F002000000000000000026 /* RegistryModels.swift in Sources */ = {isa = PBXBuildFile; fileRef = 90F001000000000000000026 /* RegistryModels.swift */; };
		90F002000000000000000027 /* SecureStores.swift in Sources */ = {isa = PBXBuildFile; fileRef = 90F001000000000000000027 /* SecureStores.swift */; };
		90F002000000000000000029 /* SendPreviewTypes.swift in Sources */ = {isa = PBXBuildFile; fileRef = 90F001000000000000000029 /* SendPreviewTypes.swift */; };
		90F00200000000000000002C /* StaticContentCatalog.swift in Sources */ = {isa = PBXBuildFile; fileRef = 90F00100000000000000002C /* StaticContentCatalog.swift */; };
		90F00200000000000000002D /* Store+Formatting.swift in Sources */ = {isa = PBXBuildFile; fileRef = 90F00100000000000000002D /* Store+Formatting.swift */; };
		90F00200000000000000002E /* PlatformNotifications.swift in Sources */ = {isa = PBXBuildFile; fileRef = 90F00100000000000000002E /* PlatformNotifications.swift */; };
		90F00200000000000000002F /* AppState+DiagnosticsExport.swift in Sources */ = {isa = PBXBuildFile; fileRef = 90F00100000000000000002F /* AppState+DiagnosticsExport.swift */; };
		90F002000000000000000030 /* AppState+History.swift in Sources */ = {isa = PBXBuildFile; fileRef = 90F001000000000000000030 /* AppState+History.swift */; };
		90F002000000000000000031 /* AppState+Reset.swift in Sources */ = {isa = PBXBuildFile; fileRef = 90F001000000000000000031 /* AppState+Reset.swift */; };
		90F002000000000000000032 /* AppState+DerivedState.swift in Sources */ = {isa = PBXBuildFile; fileRef = 90F001000000000000000032 /* AppState+DerivedState.swift */; };
		90F002000000000000000035 /* WalletDerivedCache.swift in Sources */ = {isa = PBXBuildFile; fileRef = 90F001000000000000000035 /* WalletDerivedCache.swift */; };
		90F002000000000000000037 /* AppEndpointDirectory.swift in Sources */ = {isa = PBXBuildFile; fileRef = 90F001000000000000000037 /* AppEndpointDirectory.swift */; };
		90F002000000000000000038 /* WalletServiceBridge.swift in Sources */ = {isa = PBXBuildFile; fileRef = 90F001000000000000000038 /* WalletServiceBridge.swift */; };
		90F002000000000000000039 /* TorState.swift in Sources */ = {isa = PBXBuildFile; fileRef = 90F001000000000000000039 /* TorState.swift */; };
		90F00200000000000000003B /* SetupFlow.swift in Sources */ = {isa = PBXBuildFile; fileRef = 90F00100000000000000003B /* SetupFlow.swift */; };
		90F00200000000000000003C /* ImportDraft.swift in Sources */ = {isa = PBXBuildFile; fileRef = 90F00100000000000000003C /* ImportDraft.swift */; };
		90F002000000000000000080 /* WalletRefreshObserver.swift in Sources */ = {isa = PBXBuildFile; fileRef = 90F001000000000000000080 /* WalletRefreshObserver.swift */; };
		90F0020000000000000000F1 /* SeedPhraseEntry.swift in Sources */ = {isa = PBXBuildFile; fileRef = 90F0010000000000000000F1 /* SeedPhraseEntry.swift */; };
		90F002000000000000000100 /* Chain+Registry.swift in Sources */ = {isa = PBXBuildFile; fileRef = 90F001000000000000000100 /* Chain+Registry.swift */; };
		90F002000000000000000102 /* PlatformNotifications+SendLiveActivity.swift in Sources */ = {isa = PBXBuildFile; fileRef = 90F001000000000000000102 /* PlatformNotifications+SendLiveActivity.swift */; };
		90F002000000000000000200 /* AddressBookState.swift in Sources */ = {isa = PBXBuildFile; fileRef = 90F001000000000000000200 /* AddressBookState.swift */; };
		90F002000000000000000202 /* AppState+Lifecycle.swift in Sources */ = {isa = PBXBuildFile; fileRef = 90F001000000000000000202 /* AppState+Lifecycle.swift */; };
		90F002000000000000000203 /* AppState+AppLock.swift in Sources */ = {isa = PBXBuildFile; fileRef = 90F001000000000000000203 /* AppState+AppLock.swift */; };
		90F002000000000000000204 /* AppState+TransactionActions.swift in Sources */ = {isa = PBXBuildFile; fileRef = 90F001000000000000000204 /* AppState+TransactionActions.swift */; };
		90F002000000000000000206 /* AppState+Wallets.swift in Sources */ = {isa = PBXBuildFile; fileRef = 90F001000000000000000206 /* AppState+Wallets.swift */; };
		90F002000000000000000207 /* AppState+MoneroSync.swift in Sources */ = {isa = PBXBuildFile; fileRef = 90F001000000000000000207 /* AppState+MoneroSync.swift */; };
		90F0020000000000000002F0 /* PriceAlertsState.swift in Sources */ = {isa = PBXBuildFile; fileRef = 90F0010000000000000002F0 /* PriceAlertsState.swift */; };
		91C100012F70000100AAA001 /* SpectraLiveActivityExtension.appex in Embed Foundation Extensions */ = {isa = PBXBuildFile; fileRef = 91C100032F70000100AAA001 /* SpectraLiveActivityExtension.appex */; settings = {ATTRIBUTES = (RemoveHeadersOnCopy, ); }; };
		91D900000000000000000002 /* SendSession.swift in Sources */ = {isa = PBXBuildFile; fileRef = 91D900000000000000000001 /* SendSession.swift */; };
		91DB00000000000000000001 /* SendFlowState.swift in Sources */ = {isa = PBXBuildFile; fileRef = 91DA00000000000000000001 /* SendFlowState.swift */; };
		91DB00000000000000000002 /* ReceiveFlowState.swift in Sources */ = {isa = PBXBuildFile; fileRef = 91DA00000000000000000002 /* ReceiveFlowState.swift */; };
		91DB00000000000000000003 /* WalletImportSession.swift in Sources */ = {isa = PBXBuildFile; fileRef = 91DA00000000000000000003 /* WalletImportSession.swift */; };
		91DC00000000000000000003 /* AmountPresentation.swift in Sources */ = {isa = PBXBuildFile; fileRef = 91DC00000000000000000001 /* AmountPresentation.swift */; };
		91DC00000000000000000004 /* AssetPresentationCatalog.swift in Sources */ = {isa = PBXBuildFile; fileRef = 91DC00000000000000000002 /* AssetPresentationCatalog.swift */; };
		91DC000000000000000000A2 /* TokenPreferencesState.swift in Sources */ = {isa = PBXBuildFile; fileRef = 91DC000000000000000000A1 /* TokenPreferencesState.swift */; };
		91DD00000000000000000003 /* SeedPhraseRevealState.swift in Sources */ = {isa = PBXBuildFile; fileRef = 91DD00000000000000000001 /* SeedPhraseRevealState.swift */; };
		91DD00000000000000000004 /* MoneroSyncViewModel.swift in Sources */ = {isa = PBXBuildFile; fileRef = 91DD00000000000000000002 /* MoneroSyncViewModel.swift */; };
/* End PBXBuildFile section */

/* Begin PBXContainerItemProxy section */
		91B000102F5B000100AAA001 /* PBXContainerItemProxy */ = {
			isa = PBXContainerItemProxy;
			containerPortal = 9074915B2F56D1E500D098D2 /* Project object */;
			proxyType = 1;
			remoteGlobalIDString = 907491622F56D1E500D098D2;
			remoteInfo = Spectra;
		};
		91C100022F70000100AAA001 /* PBXContainerItemProxy */ = {
			isa = PBXContainerItemProxy;
			containerPortal = 9074915B2F56D1E500D098D2 /* Project object */;
			proxyType = 1;
			remoteGlobalIDString = 91C100072F70000100AAA001;
			remoteInfo = SpectraLiveActivityExtension;
		};
/* End PBXContainerItemProxy section */

/* Begin PBXCopyFilesBuildPhase section */
		91C100062F70000100AAA001 /* Embed Foundation Extensions */ = {
			isa = PBXCopyFilesBuildPhase;
			buildActionMask = 2147483647;
			dstPath = "";
			dstSubfolderSpec = 13;
			files = (
				91C100012F70000100AAA001 /* SpectraLiveActivityExtension.appex in Embed Foundation Extensions */,
			);
			name = "Embed Foundation Extensions";
			runOnlyForDeploymentPostprocessing = 0;
		};
/* End PBXCopyFilesBuildPhase section */

/* Begin PBXFileReference section */
		907491632F56D1E500D098D2 /* Spectra.app */ = {isa = PBXFileReference; explicitFileType = wrapper.application; includeInIndex = 0; path = Spectra.app; sourceTree = BUILT_PRODUCTS_DIR; };
		90A5CA750000000000000001 /* Assets.xcassets */ = {isa = PBXFileReference; lastKnownFileType = folder.assetcatalog; path = Assets.xcassets; sourceTree = "<group>"; };
		90AA00212F60000200BBB001 /* generated/spectra_core.swift */ = {isa = PBXFileReference; lastKnownFileType = sourcecode.swift; path = generated/spectra_core.swift; sourceTree = "<group>"; };
		90AEE1792F5AFB43008CFE5E /* Spectra.xctestplan */ = {isa = PBXFileReference; lastKnownFileType = text; path = Spectra.xctestplan; sourceTree = "<group>"; };
		90F001000000000000000002 /* AppState+BalanceRefresh.swift */ = {isa = PBXFileReference; lastKnownFileType = sourcecode.swift; path = "AppState+BalanceRefresh.swift"; sourceTree = "<group>"; };
		90F001000000000000000003 /* AppState+CoreStateStore.swift */ = {isa = PBXFileReference; lastKnownFileType = sourcecode.swift; path = "AppState+CoreStateStore.swift"; sourceTree = "<group>"; };
		90F001000000000000000004 /* AppState+ChainDiagnostics.swift */ = {isa = PBXFileReference; lastKnownFileType = sourcecode.swift; path = "AppState+ChainDiagnostics.swift"; sourceTree = "<group>"; };
		90F001000000000000000005 /* AppState+ImportLifecycle.swift */ = {isa = PBXFileReference; lastKnownFileType = sourcecode.swift; path = "AppState+ImportLifecycle.swift"; sourceTree = "<group>"; };
		90F001000000000000000006 /* AppState+OperationalTelemetry.swift */ = {isa = PBXFileReference; lastKnownFileType = sourcecode.swift; path = "AppState+OperationalTelemetry.swift"; sourceTree = "<group>"; };
		90F001000000000000000007 /* AppState+PricingFiat.swift */ = {isa = PBXFileReference; lastKnownFileType = sourcecode.swift; path = "AppState+PricingFiat.swift"; sourceTree = "<group>"; };
		90F001000000000000000008 /* AppState+ReceiveFlow.swift */ = {isa = PBXFileReference; lastKnownFileType = sourcecode.swift; path = "AppState+ReceiveFlow.swift"; sourceTree = "<group>"; };
		90F00100000000000000000A /* SendFlowState+Execution.swift */ = {isa = PBXFileReference; lastKnownFileType = sourcecode.swift; path = "SendFlowState+Execution.swift"; sourceTree = "<group>"; };
		90F00100000000000000000B /* AppState+SendFlow.swift */ = {isa = PBXFileReference; lastKnownFileType = sourcecode.swift; path = "AppState+SendFlow.swift"; sourceTree = "<group>"; };
		90F00100000000000000000C /* SendFlowState+Preview.swift */ = {isa = PBXFileReference; lastKnownFileType = sourcecode.swift; path = "SendFlowState+Preview.swift"; sourceTree = "<group>"; };
		90F00100000000000000000E /* AppState.swift */ = {isa = PBXFileReference; lastKnownFileType = sourcecode.swift; path = AppState.swift; sourceTree = "<group>"; };
		90F00100000000000000000F /* AppStateTypes.swift */ = {isa = PBXFileReference; lastKnownFileType = sourcecode.swift; path = AppStateTypes.swift; sourceTree = "<group>"; };
		90F001000000000000000010 /* AppUserPreferences.swift */ = {isa = PBXFileReference; lastKnownFileType = sourcecode.swift; path = AppUserPreferences.swift; sourceTree = "<group>"; };
		90F001000000000000000012 /* CoreReferenceTables.swift */ = {isa = PBXFileReference; lastKnownFileType = sourcecode.swift; path = CoreReferenceTables.swift; sourceTree = "<group>"; };
		90F001000000000000000016 /* ChainTypes.swift */ = {isa = PBXFileReference; lastKnownFileType = sourcecode.swift; path = ChainTypes.swift; sourceTree = "<group>"; };
		90F001000000000000000017 /* CoreModels.swift */ = {isa = PBXFileReference; lastKnownFileType = sourcecode.swift; path = CoreModels.swift; sourceTree = "<group>"; };
		90F001000000000000000018 /* AppState+Dashboard.swift */ = {isa = PBXFileReference; lastKnownFileType = sourcecode.swift; path = "AppState+Dashboard.swift"; sourceTree = "<group>"; };
		90F00100000000000000001A /* DiagnosticsState.swift */ = {isa = PBXFileReference; lastKnownFileType = sourcecode.swift; path = DiagnosticsState.swift; sourceTree = "<group>"; };
		90F00100000000000000001B /* HistoryPagingState.swift */ = {isa = PBXFileReference; lastKnownFileType = sourcecode.swift; path = HistoryPagingState.swift; sourceTree = "<group>"; };
		90F00100000000000000001F /* AppState+Maintenance.swift */ = {isa = PBXFileReference; lastKnownFileType = sourcecode.swift; path = "AppState+Maintenance.swift"; sourceTree = "<group>"; };
		90F001000000000000000022 /* StateCommandQueue.swift */ = {isa = PBXFileReference; lastKnownFileType = sourcecode.swift; path = StateCommandQueue.swift; sourceTree = "<group>"; };
		90F001000000000000000026 /* RegistryModels.swift */ = {isa = PBXFileReference; lastKnownFileType = sourcecode.swift; path = RegistryModels.swift; sourceTree = "<group>"; };
		90F001000000000000000027 /* SecureStores.swift */ = {isa = PBXFileReference; lastKnownFileType = sourcecode.swift; path = SecureStores.swift; sourceTree = "<group>"; };
		90F001000000000000000029 /* SendPreviewTypes.swift */ = {isa = PBXFileReference; lastKnownFileType = sourcecode.swift; path = SendPreviewTypes.swift; sourceTree = "<group>"; };
		90F00100000000000000002C /* StaticContentCatalog.swift */ = {isa = PBXFileReference; lastKnownFileType = sourcecode.swift; path = StaticContentCatalog.swift; sourceTree = "<group>"; };
		90F00100000000000000002D /* Store+Formatting.swift */ = {isa = PBXFileReference; lastKnownFileType = sourcecode.swift; path = "Store+Formatting.swift"; sourceTree = "<group>"; };
		90F00100000000000000002E /* PlatformNotifications.swift */ = {isa = PBXFileReference; lastKnownFileType = sourcecode.swift; path = PlatformNotifications.swift; sourceTree = "<group>"; };
		90F00100000000000000002F /* AppState+DiagnosticsExport.swift */ = {isa = PBXFileReference; lastKnownFileType = sourcecode.swift; path = "AppState+DiagnosticsExport.swift"; sourceTree = "<group>"; };
		90F001000000000000000030 /* AppState+History.swift */ = {isa = PBXFileReference; lastKnownFileType = sourcecode.swift; path = "AppState+History.swift"; sourceTree = "<group>"; };
		90F001000000000000000031 /* AppState+Reset.swift */ = {isa = PBXFileReference; lastKnownFileType = sourcecode.swift; path = "AppState+Reset.swift"; sourceTree = "<group>"; };
		90F001000000000000000032 /* AppState+DerivedState.swift */ = {isa = PBXFileReference; lastKnownFileType = sourcecode.swift; path = "AppState+DerivedState.swift"; sourceTree = "<group>"; };
		90F001000000000000000035 /* WalletDerivedCache.swift */ = {isa = PBXFileReference; lastKnownFileType = sourcecode.swift; path = WalletDerivedCache.swift; sourceTree = "<group>"; };
		90F001000000000000000037 /* AppEndpointDirectory.swift */ = {isa = PBXFileReference; lastKnownFileType = sourcecode.swift; path = AppEndpointDirectory.swift; sourceTree = "<group>"; };
		90F001000000000000000038 /* WalletServiceBridge.swift */ = {isa = PBXFileReference; lastKnownFileType = sourcecode.swift; path = WalletServiceBridge.swift; sourceTree = "<group>"; };
		90F001000000000000000039 /* TorState.swift */ = {isa = PBXFileReference; lastKnownFileType = sourcecode.swift; path = TorState.swift; sourceTree = "<group>"; };
		90F00100000000000000003B /* SetupFlow.swift */ = {isa = PBXFileReference; lastKnownFileType = sourcecode.swift; path = SetupFlow.swift; sourceTree = "<group>"; };
		90F00100000000000000003C /* ImportDraft.swift */ = {isa = PBXFileReference; lastKnownFileType = sourcecode.swift; path = ImportDraft.swift; sourceTree = "<group>"; };
		90F001000000000000000080 /* WalletRefreshObserver.swift */ = {isa = PBXFileReference; lastKnownFileType = sourcecode.swift; path = WalletRefreshObserver.swift; sourceTree = "<group>"; };
		90F0010000000000000000F1 /* SeedPhraseEntry.swift */ = {isa = PBXFileReference; lastKnownFileType = sourcecode.swift; path = SeedPhraseEntry.swift; sourceTree = "<group>"; };
		90F001000000000000000100 /* Chain+Registry.swift */ = {isa = PBXFileReference; lastKnownFileType = sourcecode.swift; path = "Chain+Registry.swift"; sourceTree = "<group>"; };
		90F001000000000000000102 /* PlatformNotifications+SendLiveActivity.swift */ = {isa = PBXFileReference; lastKnownFileType = sourcecode.swift; path = "PlatformNotifications+SendLiveActivity.swift"; sourceTree = "<group>"; };
		90F001000000000000000200 /* AddressBookState.swift */ = {isa = PBXFileReference; lastKnownFileType = sourcecode.swift; path = AddressBookState.swift; sourceTree = "<group>"; };
		90F001000000000000000202 /* AppState+Lifecycle.swift */ = {isa = PBXFileReference; lastKnownFileType = sourcecode.swift; path = "AppState+Lifecycle.swift"; sourceTree = "<group>"; };
		90F001000000000000000203 /* AppState+AppLock.swift */ = {isa = PBXFileReference; lastKnownFileType = sourcecode.swift; path = "AppState+AppLock.swift"; sourceTree = "<group>"; };
		90F001000000000000000204 /* AppState+TransactionActions.swift */ = {isa = PBXFileReference; lastKnownFileType = sourcecode.swift; path = "AppState+TransactionActions.swift"; sourceTree = "<group>"; };
		90F001000000000000000206 /* AppState+Wallets.swift */ = {isa = PBXFileReference; lastKnownFileType = sourcecode.swift; path = "AppState+Wallets.swift"; sourceTree = "<group>"; };
		90F001000000000000000207 /* AppState+MoneroSync.swift */ = {isa = PBXFileReference; lastKnownFileType = sourcecode.swift; path = "AppState+MoneroSync.swift"; sourceTree = "<group>"; };
		90F0010000000000000002F0 /* PriceAlertsState.swift */ = {isa = PBXFileReference; lastKnownFileType = sourcecode.swift; path = PriceAlertsState.swift; sourceTree = "<group>"; };
		91B000012F5B000100AAA001 /* SpectraTests.xctest */ = {isa = PBXFileReference; explicitFileType = wrapper.cfbundle; includeInIndex = 0; path = SpectraTests.xctest; sourceTree = BUILT_PRODUCTS_DIR; };
		91C100032F70000100AAA001 /* SpectraLiveActivityExtension.appex */ = {isa = PBXFileReference; explicitFileType = "wrapper.app-extension"; includeInIndex = 0; path = SpectraLiveActivityExtension.appex; sourceTree = BUILT_PRODUCTS_DIR; };
		91D900000000000000000001 /* SendSession.swift */ = {isa = PBXFileReference; lastKnownFileType = sourcecode.swift; path = SendSession.swift; sourceTree = "<group>"; };
		91DA00000000000000000001 /* SendFlowState.swift */ = {isa = PBXFileReference; lastKnownFileType = sourcecode.swift; path = SendFlowState.swift; sourceTree = "<group>"; };
		91DA00000000000000000002 /* ReceiveFlowState.swift */ = {isa = PBXFileReference; lastKnownFileType = sourcecode.swift; path = ReceiveFlowState.swift; sourceTree = "<group>"; };
		91DA00000000000000000003 /* WalletImportSession.swift */ = {isa = PBXFileReference; lastKnownFileType = sourcecode.swift; path = WalletImportSession.swift; sourceTree = "<group>"; };
		91DC00000000000000000001 /* AmountPresentation.swift */ = {isa = PBXFileReference; lastKnownFileType = sourcecode.swift; path = AmountPresentation.swift; sourceTree = "<group>"; };
		91DC00000000000000000002 /* AssetPresentationCatalog.swift */ = {isa = PBXFileReference; lastKnownFileType = sourcecode.swift; path = AssetPresentationCatalog.swift; sourceTree = "<group>"; };
		91DC000000000000000000A1 /* TokenPreferencesState.swift */ = {isa = PBXFileReference; lastKnownFileType = sourcecode.swift; path = TokenPreferencesState.swift; sourceTree = "<group>"; };
		91DD00000000000000000001 /* SeedPhraseRevealState.swift */ = {isa = PBXFileReference; lastKnownFileType = sourcecode.swift; path = SeedPhraseRevealState.swift; sourceTree = "<group>"; };
		91DD00000000000000000002 /* MoneroSyncViewModel.swift */ = {isa = PBXFileReference; lastKnownFileType = sourcecode.swift; path = MoneroSyncViewModel.swift; sourceTree = "<group>"; };
/* End PBXFileReference section */

/* Begin PBXFileSystemSynchronizedBuildFileExceptionSet section */
		90F0BA0D2F5C4A76004E29F3 /* Exceptions for "extensions/SpectraLiveActivityExtension" folder in "SpectraLiveActivityExtension" target */ = {
			isa = PBXFileSystemSynchronizedBuildFileExceptionSet;
			membershipExceptions = (
				Info.plist,
			);
			target = 91C100072F70000100AAA001 /* SpectraLiveActivityExtension */;
		};
/* End PBXFileSystemSynchronizedBuildFileExceptionSet section */

/* Begin PBXFileSystemSynchronizedRootGroup section */
		9074916B2F56D1E500D098D2 /* tests */ = {
			isa = PBXFileSystemSynchronizedRootGroup;
			path = tests;
			sourceTree = "<group>";
		};
		9074916C2F56D1E500D098D2 /* views */ = {
			isa = PBXFileSystemSynchronizedRootGroup;
			path = views;
			sourceTree = "<group>";
		};
		9074916D2F56D1E500D098D2 /* extensions/SharedLiveActivities */ = {
			isa = PBXFileSystemSynchronizedRootGroup;
			path = extensions/SharedLiveActivities;
			sourceTree = "<group>";
		};
		907491712F56D1E600D098D2 /* extensions/SpectraLiveActivityExtension */ = {
			isa = PBXFileSystemSynchronizedRootGroup;
			exceptions = (
				90F0BA0D2F5C4A76004E29F3 /* Exceptions for "extensions/SpectraLiveActivityExtension" folder in "SpectraLiveActivityExtension" target */,
			);
			path = extensions/SpectraLiveActivityExtension;
			sourceTree = "<group>";
		};
		90AA000A2F60000100BBB001 /* SharedResources */ = {
			isa = PBXFileSystemSynchronizedRootGroup;
			name = SharedResources;
			path = ../resources;
			sourceTree = "<group>";
		};
/* End PBXFileSystemSynchronizedRootGroup section */

/* Begin PBXFrameworksBuildPhase section */
		907491602F56D1E500D098D2 /* Frameworks */ = {
			isa = PBXFrameworksBuildPhase;
			buildActionMask = 2147483647;
			files = (
				9059229D2F5D2C49003ACDA5 /* KeychainAccess in Frameworks */,
			);
			runOnlyForDeploymentPostprocessing = 0;
		};
		91B0000A2F5B000100AAA001 /* Frameworks */ = {
			isa = PBXFrameworksBuildPhase;
			buildActionMask = 2147483647;
			files = (
			);
			runOnlyForDeploymentPostprocessing = 0;
		};
		91C1000D2F70000100AAA001 /* Frameworks */ = {
			isa = PBXFrameworksBuildPhase;
			buildActionMask = 2147483647;
			files = (
			);
			runOnlyForDeploymentPostprocessing = 0;
		};
/* End PBXFrameworksBuildPhase section */

/* Begin PBXGroup section */
		9074915A2F56D1E500D098D2 = {
			isa = PBXGroup;
			children = (
				90A5CA750000000000000001 /* Assets.xcassets */,
				90AEE1792F5AFB43008CFE5E /* Spectra.xctestplan */,
				90AA00212F60000200BBB001 /* generated/spectra_core.swift */,
				9074916C2F56D1E500D098D2 /* views */,
				9074916D2F56D1E500D098D2 /* extensions/SharedLiveActivities */,
				907491712F56D1E600D098D2 /* extensions/SpectraLiveActivityExtension */,
				90AA000A2F60000100BBB001 /* SharedResources */,
				90F00100000000000000000E /* AppState.swift */,
				90F00100000000000000000F /* AppStateTypes.swift */,
				90F001000000000000000010 /* AppUserPreferences.swift */,
				90F001000000000000000012 /* CoreReferenceTables.swift */,
				91DC00000000000000000002 /* AssetPresentationCatalog.swift */,
				91DC00000000000000000001 /* AmountPresentation.swift */,
				90F001000000000000000100 /* Chain+Registry.swift */,
				90F001000000000000000016 /* ChainTypes.swift */,
				90F001000000000000000017 /* CoreModels.swift */,
				90F001000000000000000018 /* AppState+Dashboard.swift */,
				90F00100000000000000001A /* DiagnosticsState.swift */,
				90F00100000000000000001B /* HistoryPagingState.swift */,
				90F00100000000000000001F /* AppState+Maintenance.swift */,
				90F001000000000000000022 /* StateCommandQueue.swift */,
				90F001000000000000000026 /* RegistryModels.swift */,
				90F001000000000000000027 /* SecureStores.swift */,
				90F001000000000000000029 /* SendPreviewTypes.swift */,
				91D900000000000000000001 /* SendSession.swift */,
				91DA00000000000000000003 /* WalletImportSession.swift */,
				91DD00000000000000000001 /* SeedPhraseRevealState.swift */,
				91DD00000000000000000002 /* MoneroSyncViewModel.swift */,
				91DA00000000000000000002 /* ReceiveFlowState.swift */,
				91DA00000000000000000001 /* SendFlowState.swift */,
				90F00100000000000000002C /* StaticContentCatalog.swift */,
				90F00100000000000000002F /* AppState+DiagnosticsExport.swift */,
				90F001000000000000000035 /* WalletDerivedCache.swift */,
				90F001000000000000000037 /* AppEndpointDirectory.swift */,
				90F001000000000000000038 /* WalletServiceBridge.swift */,
				90F001000000000000000002 /* AppState+BalanceRefresh.swift */,
				90F001000000000000000080 /* WalletRefreshObserver.swift */,
				90F001000000000000000003 /* AppState+CoreStateStore.swift */,
				90F001000000000000000004 /* AppState+ChainDiagnostics.swift */,
				90F001000000000000000039 /* TorState.swift */,
				90F001000000000000000005 /* AppState+ImportLifecycle.swift */,
				90F001000000000000000006 /* AppState+OperationalTelemetry.swift */,
				90F001000000000000000007 /* AppState+PricingFiat.swift */,
				90F001000000000000000008 /* AppState+ReceiveFlow.swift */,
				90F00100000000000000000A /* SendFlowState+Execution.swift */,
				90F00100000000000000000B /* AppState+SendFlow.swift */,
				90F001000000000000000206 /* AppState+Wallets.swift */,
				90F0010000000000000002F0 /* PriceAlertsState.swift */,
				91DC000000000000000000A1 /* TokenPreferencesState.swift */,
				90F001000000000000000207 /* AppState+MoneroSync.swift */,
				90F001000000000000000204 /* AppState+TransactionActions.swift */,
				90F001000000000000000203 /* AppState+AppLock.swift */,
				90F001000000000000000202 /* AppState+Lifecycle.swift */,
				90F001000000000000000200 /* AddressBookState.swift */,
				90F001000000000000000102 /* PlatformNotifications+SendLiveActivity.swift */,
				90F00100000000000000000C /* SendFlowState+Preview.swift */,
				90F00100000000000000002D /* Store+Formatting.swift */,
				90F00100000000000000002E /* PlatformNotifications.swift */,
				90F001000000000000000030 /* AppState+History.swift */,
				90F001000000000000000031 /* AppState+Reset.swift */,
				90F001000000000000000032 /* AppState+DerivedState.swift */,
				90F00100000000000000003B /* SetupFlow.swift */,
				90F00100000000000000003C /* ImportDraft.swift */,
				90F0010000000000000000F1 /* SeedPhraseEntry.swift */,
				9074916B2F56D1E500D098D2 /* tests */,
				907491642F56D1E500D098D2 /* Products */,
			);
			sourceTree = "<group>";
		};
		907491642F56D1E500D098D2 /* Products */ = {
			isa = PBXGroup;
			children = (
				907491632F56D1E500D098D2 /* Spectra.app */,
				91C100032F70000100AAA001 /* SpectraLiveActivityExtension.appex */,
				91B000012F5B000100AAA001 /* SpectraTests.xctest */,
			);
			name = Products;
			sourceTree = "<group>";
		};
/* End PBXGroup section */

/* Begin PBXNativeTarget section */
		907491622F56D1E500D098D2 /* Spectra */ = {
			isa = PBXNativeTarget;
			buildConfigurationList = 9074916E2F56D1E600D098D2 /* Build configuration list for PBXNativeTarget "Spectra" */;
			buildPhases = (
				92A5D0013B01000100A1B2C3 /* Build Rust Core */,
				9074915F2F56D1E500D098D2 /* Sources */,
				907491602F56D1E500D098D2 /* Frameworks */,
				907491612F56D1E500D098D2 /* Resources */,
				91C100062F70000100AAA001 /* Embed Foundation Extensions */,
			);
			buildRules = (
			);
			dependencies = (
				91C1000E2F70000100AAA001 /* PBXTargetDependency */,
			);
			fileSystemSynchronizedGroups = (
				9074916C2F56D1E500D098D2 /* views */,
				9074916D2F56D1E500D098D2 /* extensions/SharedLiveActivities */,
				90AA000A2F60000100BBB001 /* SharedResources */,
			);
			name = Spectra;
			packageProductDependencies = (
				9059229C2F5D2C49003ACDA5 /* KeychainAccess */,
			);
			productName = Spectra;
			productReference = 907491632F56D1E500D098D2 /* Spectra.app */;
			productType = "com.apple.product-type.application";
		};
		91B0000C2F5B000100AAA001 /* SpectraTests */ = {
			isa = PBXNativeTarget;
			buildConfigurationList = 91B0000D2F5B000100AAA001 /* Build configuration list for PBXNativeTarget "SpectraTests" */;
			buildPhases = (
				91B000092F5B000100AAA001 /* Sources */,
				91B0000A2F5B000100AAA001 /* Frameworks */,
				91B0000B2F5B000100AAA001 /* Resources */,
			);
			buildRules = (
			);
			dependencies = (
				91B000112F5B000100AAA001 /* PBXTargetDependency */,
			);
			fileSystemSynchronizedGroups = (
				9074916B2F56D1E500D098D2 /* tests */,
			);
			name = SpectraTests;
			packageProductDependencies = (
			);
			productName = SpectraTests;
			productReference = 91B000012F5B000100AAA001 /* SpectraTests.xctest */;
			productType = "com.apple.product-type.bundle.unit-test";
		};
		91C100072F70000100AAA001 /* SpectraLiveActivityExtension */ = {
			isa = PBXNativeTarget;
			buildConfigurationList = 91C100082F70000100AAA001 /* Build configuration list for PBXNativeTarget "SpectraLiveActivityExtension" */;
			buildPhases = (
				91C1000B2F70000100AAA001 /* Sources */,
				91C1000D2F70000100AAA001 /* Frameworks */,
				91C1000C2F70000100AAA001 /* Resources */,
			);
			buildRules = (
			);
			dependencies = (
			);
			fileSystemSynchronizedGroups = (
				9074916D2F56D1E500D098D2 /* extensions/SharedLiveActivities */,
				907491712F56D1E600D098D2 /* extensions/SpectraLiveActivityExtension */,
			);
			name = SpectraLiveActivityExtension;
			packageProductDependencies = (
			);
			productName = SpectraLiveActivityExtension;
			productReference = 91C100032F70000100AAA001 /* SpectraLiveActivityExtension.appex */;
			productType = "com.apple.product-type.app-extension";
		};
/* End PBXNativeTarget section */

/* Begin PBXProject section */
		9074915B2F56D1E500D098D2 /* Project object */ = {
			isa = PBXProject;
			attributes = {
				BuildIndependentTargetsInParallel = 1;
				LastSwiftUpdateCheck = 2630;
				LastUpgradeCheck = 2700;
				TargetAttributes = {
					907491622F56D1E500D098D2 = {
						CreatedOnToolsVersion = 26.3;
					};
					91B0000C2F5B000100AAA001 = {
						CreatedOnToolsVersion = 26.3;
						TestTargetID = 907491622F56D1E500D098D2;
					};
				};
			};
			buildConfigurationList = 9074915E2F56D1E500D098D2 /* Build configuration list for PBXProject "Spectra" */;
			developmentRegion = en;
			hasScannedForEncodings = 0;
			knownRegions = (
				en,
				Base,
				"zh-Hans",
				"zh-Hant",
			);
			mainGroup = 9074915A2F56D1E500D098D2;
			minimizedProjectReferenceProxies = 1;
			packageReferences = (
				9059229B2F5D2C49003ACDA5 /* XCRemoteSwiftPackageReference "KeychainAccess" */,
			);
			preferredProjectObjectVersion = 77;
			productRefGroup = 907491642F56D1E500D098D2 /* Products */;
			projectDirPath = "";
			projectRoot = "";
			targets = (
				907491622F56D1E500D098D2 /* Spectra */,
				91C100072F70000100AAA001 /* SpectraLiveActivityExtension */,
				91B0000C2F5B000100AAA001 /* SpectraTests */,
			);
		};
/* End PBXProject section */

/* Begin PBXResourcesBuildPhase section */
		907491612F56D1E500D098D2 /* Resources */ = {
			isa = PBXResourcesBuildPhase;
			buildActionMask = 2147483647;
			files = (
				90A5CA760000000000000001 /* Assets.xcassets in Resources */,
			);
			runOnlyForDeploymentPostprocessing = 0;
		};
		91B0000B2F5B000100AAA001 /* Resources */ = {
			isa = PBXResourcesBuildPhase;
			buildActionMask = 2147483647;
			files = (
			);
			runOnlyForDeploymentPostprocessing = 0;
		};
		91C1000C2F70000100AAA001 /* Resources */ = {
			isa = PBXResourcesBuildPhase;
			buildActionMask = 2147483647;
			files = (
			);
			runOnlyForDeploymentPostprocessing = 0;
		};
/* End PBXResourcesBuildPhase section */

/* Begin PBXShellScriptBuildPhase section */
		92A5D0013B01000100A1B2C3 /* Build Rust Core */ = {
			isa = PBXShellScriptBuildPhase;
			alwaysOutOfDate = 1;
			buildActionMask = 2147483647;
			files = (
			);
			inputFileListPaths = (
			);
			inputPaths = (
			);
			name = "Build Rust Core";
			outputFileListPaths = (
			);
			outputPaths = (
				"$(PROJECT_TEMP_DIR)/spectra-rust/apple/ios-simulator/libspectra_core.a",
				"$(PROJECT_TEMP_DIR)/spectra-rust/apple/ios-device/libspectra_core.a",
				"$(SRCROOT)/generated/spectra_core.swift",
			);
			runOnlyForDeploymentPostprocessing = 0;
			shellPath = /bin/bash;
			shellScript = "\"${SRCROOT}/../scripts/build-ios.sh\"\n";
		};
/* End PBXShellScriptBuildPhase section */

/* Begin PBXSourcesBuildPhase section */
		9074915F2F56D1E500D098D2 /* Sources */ = {
			isa = PBXSourcesBuildPhase;
			buildActionMask = 2147483647;
			files = (
				90AA00222F60000200BBB001 /* generated/spectra_core.swift in Sources */,
				90F00200000000000000000E /* AppState.swift in Sources */,
				90F00200000000000000000F /* AppStateTypes.swift in Sources */,
				90F002000000000000000010 /* AppUserPreferences.swift in Sources */,
				90F002000000000000000012 /* CoreReferenceTables.swift in Sources */,
				91DC00000000000000000004 /* AssetPresentationCatalog.swift in Sources */,
				91DC00000000000000000003 /* AmountPresentation.swift in Sources */,
				90F002000000000000000016 /* ChainTypes.swift in Sources */,
				90F002000000000000000100 /* Chain+Registry.swift in Sources */,
				90F002000000000000000017 /* CoreModels.swift in Sources */,
				90F002000000000000000018 /* AppState+Dashboard.swift in Sources */,
				90F00200000000000000001A /* DiagnosticsState.swift in Sources */,
				90F00200000000000000001B /* HistoryPagingState.swift in Sources */,
				90F00200000000000000001F /* AppState+Maintenance.swift in Sources */,
				90F002000000000000000022 /* StateCommandQueue.swift in Sources */,
				90F002000000000000000026 /* RegistryModels.swift in Sources */,
				90F002000000000000000027 /* SecureStores.swift in Sources */,
				90F002000000000000000029 /* SendPreviewTypes.swift in Sources */,
				91D900000000000000000002 /* SendSession.swift in Sources */,
				91DB00000000000000000003 /* WalletImportSession.swift in Sources */,
				91DD00000000000000000003 /* SeedPhraseRevealState.swift in Sources */,
				91DD00000000000000000004 /* MoneroSyncViewModel.swift in Sources */,
				91DB00000000000000000002 /* ReceiveFlowState.swift in Sources */,
				91DB00000000000000000001 /* SendFlowState.swift in Sources */,
				90F00200000000000000002C /* StaticContentCatalog.swift in Sources */,
				90F00200000000000000002F /* AppState+DiagnosticsExport.swift in Sources */,
				90F002000000000000000035 /* WalletDerivedCache.swift in Sources */,
				90F002000000000000000037 /* AppEndpointDirectory.swift in Sources */,
				90F002000000000000000038 /* WalletServiceBridge.swift in Sources */,
				90F00200000000000000003B /* SetupFlow.swift in Sources */,
				90F00200000000000000003C /* ImportDraft.swift in Sources */,
				90F0020000000000000000F1 /* SeedPhraseEntry.swift in Sources */,
				90F002000000000000000002 /* AppState+BalanceRefresh.swift in Sources */,
				90F002000000000000000080 /* WalletRefreshObserver.swift in Sources */,
				90F002000000000000000003 /* AppState+CoreStateStore.swift in Sources */,
				90F002000000000000000004 /* AppState+ChainDiagnostics.swift in Sources */,
				90F002000000000000000039 /* TorState.swift in Sources */,
				90F002000000000000000005 /* AppState+ImportLifecycle.swift in Sources */,
				90F002000000000000000006 /* AppState+OperationalTelemetry.swift in Sources */,
				90F002000000000000000007 /* AppState+PricingFiat.swift in Sources */,
				90F002000000000000000008 /* AppState+ReceiveFlow.swift in Sources */,
				90F00200000000000000000A /* SendFlowState+Execution.swift in Sources */,
				90F00200000000000000000B /* AppState+SendFlow.swift in Sources */,
				90F002000000000000000206 /* AppState+Wallets.swift in Sources */,
				90F0020000000000000002F0 /* PriceAlertsState.swift in Sources */,
				91DC000000000000000000A2 /* TokenPreferencesState.swift in Sources */,
				90F002000000000000000207 /* AppState+MoneroSync.swift in Sources */,
				90F002000000000000000204 /* AppState+TransactionActions.swift in Sources */,
				90F002000000000000000203 /* AppState+AppLock.swift in Sources */,
				90F002000000000000000202 /* AppState+Lifecycle.swift in Sources */,
				90F002000000000000000200 /* AddressBookState.swift in Sources */,
				90F002000000000000000102 /* PlatformNotifications+SendLiveActivity.swift in Sources */,
				90F00200000000000000000C /* SendFlowState+Preview.swift in Sources */,
				90F00200000000000000002D /* Store+Formatting.swift in Sources */,
				90F00200000000000000002E /* PlatformNotifications.swift in Sources */,
				90F002000000000000000030 /* AppState+History.swift in Sources */,
				90F002000000000000000031 /* AppState+Reset.swift in Sources */,
				90F002000000000000000032 /* AppState+DerivedState.swift in Sources */,
			);
			runOnlyForDeploymentPostprocessing = 0;
		};
		91B000092F5B000100AAA001 /* Sources */ = {
			isa = PBXSourcesBuildPhase;
			buildActionMask = 2147483647;
			files = (
			);
			runOnlyForDeploymentPostprocessing = 0;
		};
		91C1000B2F70000100AAA001 /* Sources */ = {
			isa = PBXSourcesBuildPhase;
			buildActionMask = 2147483647;
			files = (
			);
			runOnlyForDeploymentPostprocessing = 0;
		};
/* End PBXSourcesBuildPhase section */

/* Begin PBXTargetDependency section */
		91B000112F5B000100AAA001 /* PBXTargetDependency */ = {
			isa = PBXTargetDependency;
			target = 907491622F56D1E500D098D2 /* Spectra */;
			targetProxy = 91B000102F5B000100AAA001 /* PBXContainerItemProxy */;
		};
		91C1000E2F70000100AAA001 /* PBXTargetDependency */ = {
			isa = PBXTargetDependency;
			target = 91C100072F70000100AAA001 /* SpectraLiveActivityExtension */;
			targetProxy = 91C100022F70000100AAA001 /* PBXContainerItemProxy */;
		};
/* End PBXTargetDependency section */

/* Begin XCBuildConfiguration section */
		9074916C2F56D1E600D098D2 /* Debug */ = {
			isa = XCBuildConfiguration;
			buildSettings = {
				ALWAYS_SEARCH_USER_PATHS = NO;
				ASSETCATALOG_COMPILER_GENERATE_SWIFT_ASSET_SYMBOL_EXTENSIONS = YES;
				CLANG_ANALYZER_LOCALIZABILITY_NONLOCALIZED = YES;
				CLANG_ANALYZER_NONNULL = YES;
				CLANG_ANALYZER_NUMBER_OBJECT_CONVERSION = YES_AGGRESSIVE;
				CLANG_CXX_LANGUAGE_STANDARD = "gnu++20";
				CLANG_ENABLE_MODULES = YES;
				CLANG_ENABLE_OBJC_ARC = YES;
				CLANG_ENABLE_OBJC_WEAK = YES;
				CLANG_WARN_BLOCK_CAPTURE_AUTORELEASING = YES;
				CLANG_WARN_BOOL_CONVERSION = YES;
				CLANG_WARN_COMMA = YES;
				CLANG_WARN_CONSTANT_CONVERSION = YES;
				CLANG_WARN_DEPRECATED_OBJC_IMPLEMENTATIONS = YES;
				CLANG_WARN_DIRECT_OBJC_ISA_USAGE = YES_ERROR;
				CLANG_WARN_DOCUMENTATION_COMMENTS = YES;
				CLANG_WARN_EMPTY_BODY = YES;
				CLANG_WARN_ENUM_CONVERSION = YES;
				CLANG_WARN_INFINITE_RECURSION = YES;
				CLANG_WARN_INT_CONVERSION = YES;
				CLANG_WARN_NON_LITERAL_NULL_CONVERSION = YES;
				CLANG_WARN_OBJC_IMPLICIT_RETAIN_SELF = YES;
				CLANG_WARN_OBJC_LITERAL_CONVERSION = YES;
				CLANG_WARN_OBJC_ROOT_CLASS = YES_ERROR;
				CLANG_WARN_QUOTED_INCLUDE_IN_FRAMEWORK_HEADER = YES;
				CLANG_WARN_RANGE_LOOP_ANALYSIS = YES;
				CLANG_WARN_STRICT_PROTOTYPES = YES;
				CLANG_WARN_SUSPICIOUS_MOVE = YES;
				CLANG_WARN_UNGUARDED_AVAILABILITY = YES_AGGRESSIVE;
				CLANG_WARN_UNREACHABLE_CODE = YES;
				CLANG_WARN__DUPLICATE_METHOD_MATCH = YES;
				COPY_PHASE_STRIP = NO;
				DEBUG_INFORMATION_FORMAT = dwarf;
				DEVELOPMENT_TEAM = WKYM9SUVH7;
				ENABLE_STRICT_OBJC_MSGSEND = YES;
				ENABLE_TESTABILITY = YES;
				ENABLE_USER_SCRIPT_SANDBOXING = YES;
				"EXCLUDED_ARCHS[sdk=iphonesimulator*]" = x86_64;
				GCC_C_LANGUAGE_STANDARD = gnu17;
				GCC_DYNAMIC_NO_PIC = NO;
				GCC_NO_COMMON_BLOCKS = YES;
				GCC_OPTIMIZATION_LEVEL = 0;
				GCC_PREPROCESSOR_DEFINITIONS = (
					"DEBUG=1",
					"$(inherited)",
				);
				GCC_WARN_64_TO_32_BIT_CONVERSION = YES;
				GCC_WARN_ABOUT_RETURN_TYPE = YES_ERROR;
				GCC_WARN_UNDECLARED_SELECTOR = YES;
				GCC_WARN_UNINITIALIZED_AUTOS = YES_AGGRESSIVE;
				GCC_WARN_UNUSED_FUNCTION = YES;
				GCC_WARN_UNUSED_VARIABLE = YES;
				IPHONEOS_DEPLOYMENT_TARGET = 26.0;
				LOCALIZATION_PREFERS_STRING_CATALOGS = YES;
				MTL_ENABLE_DEBUG_INFO = INCLUDE_SOURCE;
				MTL_FAST_MATH = YES;
				ONLY_ACTIVE_ARCH = YES;
				SDKROOT = iphoneos;
				STRING_CATALOG_GENERATE_SYMBOLS = YES;
				SWIFT_ACTIVE_COMPILATION_CONDITIONS = "DEBUG $(inherited)";
				SWIFT_OPTIMIZATION_LEVEL = "-Onone";
			};
			name = Debug;
		};
		9074916D2F56D1E600D098D2 /* Release */ = {
			isa = XCBuildConfiguration;
			buildSettings = {
				ALWAYS_SEARCH_USER_PATHS = NO;
				ASSETCATALOG_COMPILER_GENERATE_SWIFT_ASSET_SYMBOL_EXTENSIONS = YES;
				CLANG_ANALYZER_LOCALIZABILITY_NONLOCALIZED = YES;
				CLANG_ANALYZER_NONNULL = YES;
				CLANG_ANALYZER_NUMBER_OBJECT_CONVERSION = YES_AGGRESSIVE;
				CLANG_CXX_LANGUAGE_STANDARD = "gnu++20";
				CLANG_ENABLE_MODULES = YES;
				CLANG_ENABLE_OBJC_ARC = YES;
				CLANG_ENABLE_OBJC_WEAK = YES;
				CLANG_WARN_BLOCK_CAPTURE_AUTORELEASING = YES;
				CLANG_WARN_BOOL_CONVERSION = YES;
				CLANG_WARN_COMMA = YES;
				CLANG_WARN_CONSTANT_CONVERSION = YES;
				CLANG_WARN_DEPRECATED_OBJC_IMPLEMENTATIONS = YES;
				CLANG_WARN_DIRECT_OBJC_ISA_USAGE = YES_ERROR;
				CLANG_WARN_DOCUMENTATION_COMMENTS = YES;
				CLANG_WARN_EMPTY_BODY = YES;
				CLANG_WARN_ENUM_CONVERSION = YES;
				CLANG_WARN_INFINITE_RECURSION = YES;
				CLANG_WARN_INT_CONVERSION = YES;
				CLANG_WARN_NON_LITERAL_NULL_CONVERSION = YES;
				CLANG_WARN_OBJC_IMPLICIT_RETAIN_SELF = YES;
				CLANG_WARN_OBJC_LITERAL_CONVERSION = YES;
				CLANG_WARN_OBJC_ROOT_CLASS = YES_ERROR;
				CLANG_WARN_QUOTED_INCLUDE_IN_FRAMEWORK_HEADER = YES;
				CLANG_WARN_RANGE_LOOP_ANALYSIS = YES;
				CLANG_WARN_STRICT_PROTOTYPES = YES;
				CLANG_WARN_SUSPICIOUS_MOVE = YES;
				CLANG_WARN_UNGUARDED_AVAILABILITY = YES_AGGRESSIVE;
				CLANG_WARN_UNREACHABLE_CODE = YES;
				CLANG_WARN__DUPLICATE_METHOD_MATCH = YES;
				COPY_PHASE_STRIP = NO;
				DEBUG_INFORMATION_FORMAT = "dwarf-with-dsym";
				DEVELOPMENT_TEAM = WKYM9SUVH7;
				ENABLE_NS_ASSERTIONS = NO;
				ENABLE_STRICT_OBJC_MSGSEND = YES;
				ENABLE_USER_SCRIPT_SANDBOXING = YES;
				"EXCLUDED_ARCHS[sdk=iphonesimulator*]" = x86_64;
				GCC_C_LANGUAGE_STANDARD = gnu17;
				GCC_NO_COMMON_BLOCKS = YES;
				GCC_WARN_64_TO_32_BIT_CONVERSION = YES;
				GCC_WARN_ABOUT_RETURN_TYPE = YES_ERROR;
				GCC_WARN_UNDECLARED_SELECTOR = YES;
				GCC_WARN_UNINITIALIZED_AUTOS = YES_AGGRESSIVE;
				GCC_WARN_UNUSED_FUNCTION = YES;
				GCC_WARN_UNUSED_VARIABLE = YES;
				IPHONEOS_DEPLOYMENT_TARGET = 26.0;
				LOCALIZATION_PREFERS_STRING_CATALOGS = YES;
				MTL_ENABLE_DEBUG_INFO = NO;
				MTL_FAST_MATH = YES;
				ONLY_ACTIVE_ARCH = NO;
				SDKROOT = iphoneos;
				STRING_CATALOG_GENERATE_SYMBOLS = YES;
				SWIFT_COMPILATION_MODE = wholemodule;
				VALIDATE_PRODUCT = YES;
			};
			name = Release;
		};
		9074916F2F56D1E600D098D2 /* Debug */ = {
			isa = XCBuildConfiguration;
			buildSettings = {
				ASSETCATALOG_COMPILER_APPICON_NAME = AppIcon;
				ASSETCATALOG_COMPILER_GLOBAL_ACCENT_COLOR_NAME = AccentColor;
				ASSETCATALOG_COMPILER_INCLUDE_ALL_APPICON_ASSETS = YES;
				CODE_SIGN_STYLE = Automatic;
				CURRENT_PROJECT_VERSION = 1;
				ENABLE_PREVIEWS = YES;
				ENABLE_USER_SCRIPT_SANDBOXING = NO;
				HEADER_SEARCH_PATHS = (
					"$(inherited)",
					"$(SRCROOT)/generated",
				);
				INFOPLIST_FILE = Info.plist;
				LD_RUNPATH_SEARCH_PATHS = (
					"$(inherited)",
					"@executable_path/Frameworks",
				);
				LIBRARY_SEARCH_PATHS = (
					"$(inherited)",
					"$(PROJECT_TEMP_DIR)/spectra-rust/apple/ios-device",
					"$(PROJECT_TEMP_DIR)/spectra-rust/apple/ios-simulator",
				);
				"LIBRARY_SEARCH_PATHS[sdk=iphoneos*]" = (
					"$(inherited)",
					"$(PROJECT_TEMP_DIR)/spectra-rust/apple/ios-device",
				);
				"LIBRARY_SEARCH_PATHS[sdk=iphonesimulator*]" = (
					"$(inherited)",
					"$(PROJECT_TEMP_DIR)/spectra-rust/apple/ios-simulator",
				);
				MARKETING_VERSION = 1.0.0;
				OTHER_LDFLAGS = "$(inherited)";
				"OTHER_LDFLAGS[sdk=iphoneos*]" = (
					"$(inherited)",
					"-force_load",
					"$(PROJECT_TEMP_DIR)/spectra-rust/apple/ios-device/libspectra_core.a",
				);
				"OTHER_LDFLAGS[sdk=iphonesimulator*]" = (
					"$(inherited)",
					"-force_load",
					"$(PROJECT_TEMP_DIR)/spectra-rust/apple/ios-simulator/libspectra_core.a",
				);
				PRODUCT_BUNDLE_IDENTIFIER = com.sheny.Spectra;
				PRODUCT_NAME = "$(TARGET_NAME)";
				STRING_CATALOG_GENERATE_SYMBOLS = YES;
				SUPPORTED_PLATFORMS = "iphoneos iphonesimulator";
				SUPPORTS_MACCATALYST = NO;
				SUPPORTS_MAC_DESIGNED_FOR_IPHONE_IPAD = NO;
				SUPPORTS_XR_DESIGNED_FOR_IPHONE_IPAD = NO;
				SWIFT_EMIT_LOC_STRINGS = YES;
				SWIFT_INCLUDE_PATHS = "$(SRCROOT)/generated";
				SWIFT_UPCOMING_FEATURE_MEMBER_IMPORT_VISIBILITY = YES;
				SWIFT_VERSION = 6.0;
				TARGETED_DEVICE_FAMILY = 1;
			};
			name = Debug;
		};
		907491702F56D1E600D098D2 /* Release */ = {
			isa = XCBuildConfiguration;
			buildSettings = {
				ASSETCATALOG_COMPILER_APPICON_NAME = AppIcon;
				ASSETCATALOG_COMPILER_GLOBAL_ACCENT_COLOR_NAME = AccentColor;
				ASSETCATALOG_COMPILER_INCLUDE_ALL_APPICON_ASSETS = YES;
				CODE_SIGN_STYLE = Automatic;
				CURRENT_PROJECT_VERSION = 1;
				ENABLE_PREVIEWS = NO;
				ENABLE_USER_SCRIPT_SANDBOXING = NO;
				HEADER_SEARCH_PATHS = (
					"$(inherited)",
					"$(SRCROOT)/generated",
				);
				INFOPLIST_FILE = Info.plist;
				LD_RUNPATH_SEARCH_PATHS = (
					"$(inherited)",
					"@executable_path/Frameworks",
				);
				LIBRARY_SEARCH_PATHS = (
					"$(inherited)",
					"$(PROJECT_TEMP_DIR)/spectra-rust/apple/ios-device",
					"$(PROJECT_TEMP_DIR)/spectra-rust/apple/ios-simulator",
				);
				"LIBRARY_SEARCH_PATHS[sdk=iphoneos*]" = (
					"$(inherited)",
					"$(PROJECT_TEMP_DIR)/spectra-rust/apple/ios-device",
				);
				"LIBRARY_SEARCH_PATHS[sdk=iphonesimulator*]" = (
					"$(inherited)",
					"$(PROJECT_TEMP_DIR)/spectra-rust/apple/ios-simulator",
				);
				MARKETING_VERSION = 1.0.0;
				OTHER_LDFLAGS = "$(inherited)";
				"OTHER_LDFLAGS[sdk=iphoneos*]" = (
					"$(inherited)",
					"-force_load",
					"$(PROJECT_TEMP_DIR)/spectra-rust/apple/ios-device/libspectra_core.a",
				);
				"OTHER_LDFLAGS[sdk=iphonesimulator*]" = (
					"$(inherited)",
					"-force_load",
					"$(PROJECT_TEMP_DIR)/spectra-rust/apple/ios-simulator/libspectra_core.a",
				);
				PRODUCT_BUNDLE_IDENTIFIER = com.sheny.Spectra;
				PRODUCT_NAME = "$(TARGET_NAME)";
				STRING_CATALOG_GENERATE_SYMBOLS = YES;
				SUPPORTED_PLATFORMS = "iphoneos iphonesimulator";
				SUPPORTS_MACCATALYST = NO;
				SUPPORTS_MAC_DESIGNED_FOR_IPHONE_IPAD = NO;
				SUPPORTS_XR_DESIGNED_FOR_IPHONE_IPAD = NO;
				SWIFT_EMIT_LOC_STRINGS = YES;
				SWIFT_INCLUDE_PATHS = "$(SRCROOT)/generated";
				SWIFT_UPCOMING_FEATURE_MEMBER_IMPORT_VISIBILITY = YES;
				SWIFT_VERSION = 6.0;
				TARGETED_DEVICE_FAMILY = 1;
			};
			name = Release;
		};
		91B0000E2F5B000100AAA001 /* Debug */ = {
			isa = XCBuildConfiguration;
			buildSettings = {
				BUNDLE_LOADER = "$(TEST_HOST)";
				CODE_SIGN_STYLE = Automatic;
				CURRENT_PROJECT_VERSION = 1;
				GENERATE_INFOPLIST_FILE = YES;
				LD_RUNPATH_SEARCH_PATHS = (
					"$(inherited)",
					"@executable_path/Frameworks",
					"@loader_path/Frameworks",
				);
				PRODUCT_BUNDLE_IDENTIFIER = "Yuan-Shen.SpectraTests";
				PRODUCT_NAME = "$(TARGET_NAME)";
				SUPPORTED_PLATFORMS = "iphoneos iphonesimulator";
				SUPPORTS_MACCATALYST = NO;
				SUPPORTS_MAC_DESIGNED_FOR_IPHONE_IPAD = NO;
				SUPPORTS_XR_DESIGNED_FOR_IPHONE_IPAD = NO;
				SWIFT_EMIT_LOC_STRINGS = NO;
				SWIFT_INCLUDE_PATHS = "$(SRCROOT)/generated";
				SWIFT_VERSION = 6.0;
				TARGETED_DEVICE_FAMILY = 1;
				TEST_HOST = "$(BUILT_PRODUCTS_DIR)/Spectra.app/$(BUNDLE_EXECUTABLE_FOLDER_PATH)/Spectra";
			};
			name = Debug;
		};
		91B0000F2F5B000100AAA001 /* Release */ = {
			isa = XCBuildConfiguration;
			buildSettings = {
				BUNDLE_LOADER = "$(TEST_HOST)";
				CODE_SIGN_STYLE = Automatic;
				CURRENT_PROJECT_VERSION = 1;
				GENERATE_INFOPLIST_FILE = YES;
				LD_RUNPATH_SEARCH_PATHS = (
					"$(inherited)",
					"@executable_path/Frameworks",
					"@loader_path/Frameworks",
				);
				PRODUCT_BUNDLE_IDENTIFIER = "Yuan-Shen.SpectraTests";
				PRODUCT_NAME = "$(TARGET_NAME)";
				SUPPORTED_PLATFORMS = "iphoneos iphonesimulator";
				SUPPORTS_MACCATALYST = NO;
				SUPPORTS_MAC_DESIGNED_FOR_IPHONE_IPAD = NO;
				SUPPORTS_XR_DESIGNED_FOR_IPHONE_IPAD = NO;
				SWIFT_EMIT_LOC_STRINGS = NO;
				SWIFT_INCLUDE_PATHS = "$(SRCROOT)/generated";
				SWIFT_VERSION = 6.0;
				TARGETED_DEVICE_FAMILY = 1;
				TEST_HOST = "$(BUILT_PRODUCTS_DIR)/Spectra.app/$(BUNDLE_EXECUTABLE_FOLDER_PATH)/Spectra";
			};
			name = Release;
		};
		91C100092F70000100AAA001 /* Debug */ = {
			isa = XCBuildConfiguration;
			buildSettings = {
				APPLICATION_EXTENSION_API_ONLY = YES;
				CODE_SIGN_STYLE = Automatic;
				CURRENT_PROJECT_VERSION = 1;
				GENERATE_INFOPLIST_FILE = NO;
				INFOPLIST_FILE = extensions/SpectraLiveActivityExtension/Info.plist;
				LD_RUNPATH_SEARCH_PATHS = (
					"$(inherited)",
					"@executable_path/Frameworks",
					"@executable_path/../../Frameworks",
				);
				PRODUCT_BUNDLE_IDENTIFIER = com.sheny.Spectra.SpectraLiveActivityExtension;
				PRODUCT_NAME = "$(TARGET_NAME)";
				SKIP_INSTALL = YES;
				STRING_CATALOG_GENERATE_SYMBOLS = YES;
				SUPPORTED_PLATFORMS = "iphoneos iphonesimulator";
				SUPPORTS_MACCATALYST = NO;
				SUPPORTS_MAC_DESIGNED_FOR_IPHONE_IPAD = NO;
				SUPPORTS_XR_DESIGNED_FOR_IPHONE_IPAD = NO;
				SWIFT_EMIT_LOC_STRINGS = YES;
				SWIFT_VERSION = 6.0;
				TARGETED_DEVICE_FAMILY = 1;
			};
			name = Debug;
		};
		91C1000A2F70000100AAA001 /* Release */ = {
			isa = XCBuildConfiguration;
			buildSettings = {
				APPLICATION_EXTENSION_API_ONLY = YES;
				CODE_SIGN_STYLE = Automatic;
				CURRENT_PROJECT_VERSION = 1;
				GENERATE_INFOPLIST_FILE = NO;
				INFOPLIST_FILE = extensions/SpectraLiveActivityExtension/Info.plist;
				LD_RUNPATH_SEARCH_PATHS = (
					"$(inherited)",
					"@executable_path/Frameworks",
					"@executable_path/../../Frameworks",
				);
				PRODUCT_BUNDLE_IDENTIFIER = com.sheny.Spectra.SpectraLiveActivityExtension;
				PRODUCT_NAME = "$(TARGET_NAME)";
				SKIP_INSTALL = YES;
				STRING_CATALOG_GENERATE_SYMBOLS = YES;
				SUPPORTED_PLATFORMS = "iphoneos iphonesimulator";
				SUPPORTS_MACCATALYST = NO;
				SUPPORTS_MAC_DESIGNED_FOR_IPHONE_IPAD = NO;
				SUPPORTS_XR_DESIGNED_FOR_IPHONE_IPAD = NO;
				SWIFT_EMIT_LOC_STRINGS = YES;
				SWIFT_VERSION = 6.0;
				TARGETED_DEVICE_FAMILY = 1;
			};
			name = Release;
		};
/* End XCBuildConfiguration section */

/* Begin XCConfigurationList section */
		9074915E2F56D1E500D098D2 /* Build configuration list for PBXProject "Spectra" */ = {
			isa = XCConfigurationList;
			buildConfigurations = (
				9074916C2F56D1E600D098D2 /* Debug */,
				9074916D2F56D1E600D098D2 /* Release */,
			);
			defaultConfigurationIsVisible = 0;
			defaultConfigurationName = Release;
		};
		9074916E2F56D1E600D098D2 /* Build configuration list for PBXNativeTarget "Spectra" */ = {
			isa = XCConfigurationList;
			buildConfigurations = (
				9074916F2F56D1E600D098D2 /* Debug */,
				907491702F56D1E600D098D2 /* Release */,
			);
			defaultConfigurationIsVisible = 0;
			defaultConfigurationName = Release;
		};
		91B0000D2F5B000100AAA001 /* Build configuration list for PBXNativeTarget "SpectraTests" */ = {
			isa = XCConfigurationList;
			buildConfigurations = (
				91B0000E2F5B000100AAA001 /* Debug */,
				91B0000F2F5B000100AAA001 /* Release */,
			);
			defaultConfigurationIsVisible = 0;
			defaultConfigurationName = Release;
		};
		91C100082F70000100AAA001 /* Build configuration list for PBXNativeTarget "SpectraLiveActivityExtension" */ = {
			isa = XCConfigurationList;
			buildConfigurations = (
				91C100092F70000100AAA001 /* Debug */,
				91C1000A2F70000100AAA001 /* Release */,
			);
			defaultConfigurationIsVisible = 0;
			defaultConfigurationName = Release;
		};
/* End XCConfigurationList section */

/* Begin XCRemoteSwiftPackageReference section */
		9059229B2F5D2C49003ACDA5 /* XCRemoteSwiftPackageReference "KeychainAccess" */ = {
			isa = XCRemoteSwiftPackageReference;
			repositoryURL = "https://github.com/kishikawakatsumi/KeychainAccess";
			requirement = {
				kind = upToNextMajorVersion;
				minimumVersion = 4.2.2;
			};
		};
/* End XCRemoteSwiftPackageReference section */

/* Begin XCSwiftPackageProductDependency section */
		9059229C2F5D2C49003ACDA5 /* KeychainAccess */ = {
			isa = XCSwiftPackageProductDependency;
			package = 9059229B2F5D2C49003ACDA5 /* XCRemoteSwiftPackageReference "KeychainAccess" */;
			productName = KeychainAccess;
		};
/* End XCSwiftPackageProductDependency section */
	};
	rootObject = 9074915B2F56D1E500D098D2 /* Project object */;
}
